
Microsoft Visual Studio Solution File, Format Version 12.00
# Visual Studio Version 16
VisualStudioVersion = 16.0.28606.126
MinimumVisualStudioVersion = 10.0.40219.1
Project("{9A19103F-16F7-4668-BE54-9A1E7A4F7556}") = "Inf.Booking.Api", "Inf.Booking.Api\Inf.Booking.Api.csproj", "{8CCA3321-9A66-4DC6-87AD-3F2B177FB401}"
EndProject
Project("{9A19103F-16F7-4668-BE54-9A1E7A4F7556}") = "Inf.Booking.Domain", "Inf.Booking.Domain\Inf.Booking.Domain.csproj", "{6C56DD99-A13F-4EFE-AC30-33531D0DA362}"
EndProject
Project("{9A19103F-16F7-4668-BE54-9A1E7A4F7556}") = "Inf.Booking.Infrastructure", "Inf.Booking.Infrastructure\Inf.Booking.Infrastructure.csproj", "{71096590-CAB5-4941-8220-7FA797C6D555}"
EndProject
Project("{2150E333-8FDC-42A3-9474-1A3956D46DE8}") = "Bookings", "Bookings", "{924875DC-F9C4-4CBD-83AA-BC33487B7310}"
EndProject
Project("{2150E333-8FDC-42A3-9474-1A3956D46DE8}") = "Services", "Services", "{FBE60EA8-F4FE-4FEC-A25F-F8F685ACAAAE}"
EndProject
Project("{2150E333-8FDC-42A3-9474-1A3956D46DE8}") = "WebApps", "WebApps", "{C3D87368-4F57-4C50-9973-1338923F2D98}"
EndProject
Project("{9A19103F-16F7-4668-BE54-9A1E7A4F7556}") = "Inf.Web", "Inf.Web\Inf.Web.csproj", "{FEC26010-5499-4A87-A41A-1C167ADE520C}"
EndProject
Project("{FAE04EC0-301F-11D3-BF4B-00C04F79EFBC}") = "Inf.Booking.Api.Contracts", "Inf.Booking.Api.Contracts\Inf.Booking.Api.Contracts.csproj", "{58DA235F-554A-4128-8651-C8CDA0560B4A}"
EndProject
Project("{2150E333-8FDC-42A3-9474-1A3956D46DE8}") = "Infrastructure", "Infrastructure", "{FB17FEAD-E21E-4E06-929F-30150A388A98}"
EndProject
Project("{FAE04EC0-301F-11D3-BF4B-00C04F79EFBC}") = "Inf.Core", "Inf.Core\Inf.Core.csproj", "{CDDDEB87-2C2F-43A1-8C20-FDAEDAF807DB}"
EndProject
Global
	GlobalSection(SolutionConfigurationPlatforms) = preSolution
		Debug|Any CPU = Debug|Any CPU
		Release|Any CPU = Release|Any CPU
	EndGlobalSection
	GlobalSection(ProjectConfigurationPlatforms) = postSolution
		{8CCA3321-9A66-4DC6-87AD-3F2B177FB401}.Debug|Any CPU.ActiveCfg = Debug|Any CPU
		{8CCA3321-9A66-4DC6-87AD-3F2B177FB401}.Debug|Any CPU.Build.0 = Debug|Any CPU
		{8CCA3321-9A66-4DC6-87AD-3F2B177FB401}.Release|Any CPU.ActiveCfg = Release|Any CPU
		{8CCA3321-9A66-4DC6-87AD-3F2B177FB401}.Release|Any CPU.Build.0 = Release|Any CPU
		{6C56DD99-A13F-4EFE-AC30-33531D0DA362}.Debug|Any CPU.ActiveCfg = Debug|Any CPU
		{6C56DD99-A13F-4EFE-AC30-33531D0DA362}.Debug|Any CPU.Build.0 = Debug|Any CPU
		{6C56DD99-A13F-4EFE-AC30-33531D0DA362}.Release|Any CPU.ActiveCfg = Release|Any CPU
		{6C56DD99-A13F-4EFE-AC30-33531D0DA362}.Release|Any CPU.Build.0 = Release|Any CPU
		{71096590-CAB5-4941-8220-7FA797C6D555}.Debug|Any CPU.ActiveCfg = Debug|Any CPU
		{71096590-CAB5-4941-8220-7FA797C6D555}.Debug|Any CPU.Build.0 = Debug|Any CPU
		{71096590-CAB5-4941-8220-7FA797C6D555}.Release|Any CPU.ActiveCfg = Release|Any CPU
		{71096590-CAB5-4941-8220-7FA797C6D555}.Release|Any CPU.Build.0 = Release|Any CPU
		{FEC26010-5499-4A87-A41A-1C167ADE520C}.Debug|Any CPU.ActiveCfg = Debug|Any CPU
		{FEC26010-5499-4A87-A41A-1C167ADE520C}.Debug|Any CPU.Build.0 = Debug|Any CPU
		{FEC26010-5499-4A87-A41A-1C167ADE520C}.Release|Any CPU.ActiveCfg = Release|Any CPU
		{FEC26010-5499-4A87-A41A-1C167ADE520C}.Release|Any CPU.Build.0 = Release|Any CPU
		{58DA235F-554A-4128-8651-C8CDA0560B4A}.Debug|Any CPU.ActiveCfg = Debug|Any CPU
		{58DA235F-554A-4128-8651-C8CDA0560B4A}.Debug|Any CPU.Build.0 = Debug|Any CPU
		{58DA235F-554A-4128-8651-C8CDA0560B4A}.Release|Any CPU.ActiveCfg = Release|Any CPU
		{58DA235F-554A-4128-8651-C8CDA0560B4A}.Release|Any CPU.Build.0 = Release|Any CPU
		{CDDDEB87-2C2F-43A1-8C20-FDAEDAF807DB}.Debug|Any CPU.ActiveCfg = Debug|Any CPU
		{CDDDEB87-2C2F-43A1-8C20-FDAEDAF807DB}.Debug|Any CPU.Build.0 = Debug|Any CPU
		{CDDDEB87-2C2F-43A1-8C20-FDAEDAF807DB}.Release|Any CPU.ActiveCfg = Release|Any CPU
		{CDDDEB87-2C2F-43A1-8C20-FDAEDAF807DB}.Release|Any CPU.Build.0 = Release|Any CPU
	EndGlobalSection
	GlobalSection(SolutionProperties) = preSolution
		HideSolutionNode = FALSE
	EndGlobalSection
	GlobalSection(NestedProjects) = preSolution
		{8CCA3321-9A66-4DC6-87AD-3F2B177FB401} = {924875DC-F9C4-4CBD-83AA-BC33487B7310}
		{6C56DD99-A13F-4EFE-AC30-33531D0DA362} = {924875DC-F9C4-4CBD-83AA-BC33487B7310}
		{71096590-CAB5-4941-8220-7FA797C6D555} = {924875DC-F9C4-4CBD-83AA-BC33487B7310}
		{924875DC-F9C4-4CBD-83AA-BC33487B7310} = {FBE60EA8-F4FE-4FEC-A25F-F8F685ACAAAE}
		{FEC26010-5499-4A87-A41A-1C167ADE520C} = {C3D87368-4F57-4C50-9973-1338923F2D98}
		{58DA235F-554A-4128-8651-C8CDA0560B4A} = {924875DC-F9C4-4CBD-83AA-BC33487B7310}
		{CDDDEB87-2C2F-43A1-8C20-FDAEDAF807DB} = {FB17FEAD-E21E-4E06-929F-30150A388A98}
	EndGlobalSection
	GlobalSection(ExtensibilityGlobals) = postSolution
		SolutionGuid = {D887FF3F-8943-4622-A6EF-6E91F7948E32}
	EndGlobalSection
EndGlobal
